
Microsoft Visual Studio Solution File, Format Version 12.00
# Visual Studio Version 16
VisualStudioVersion = 16.0.30907.101
MinimumVisualStudioVersion = 10.0.40219.1
Project("{FAE04EC0-301F-11D3-BF4B-00C04F79EFBC}") = "StoneHouse", "StoneHouse\StoneHouse.csproj", "{C567C45F-25AD-48B5-ABF3-FBAFF79D3611}"
EndProject
Global
	GlobalSection(SolutionConfigurationPlatforms) = preSolution
		Debug|Any CPU = Debug|Any CPU
		Release|Any CPU = Release|Any CPU
	EndGlobalSection
	GlobalSection(ProjectConfigurationPlatforms) = postSolution
		{C567C45F-25AD-48B5-ABF3-FBAFF79D3611}.Debug|Any CPU.ActiveCfg = Debug|Any CPU
		{C567C45F-25AD-48B5-ABF3-FBAFF79D3611}.Debug|Any CPU.Build.0 = Debug|Any CPU
		{C567C45F-25AD-48B5-ABF3-FBAFF79D3611}.Release|Any CPU.ActiveCfg = Release|Any CPU
		{C567C45F-25AD-48B5-ABF3-FBAFF79D3611}.Release|Any CPU.Build.0 = Release|Any CPU
	EndGlobalSection
	GlobalSection(SolutionProperties) = preSolution
		HideSolutionNode = FALSE
	EndGlobalSection
	GlobalSection(ExtensibilityGlobals) = postSolution
		SolutionGuid = {843F45D8-0949-4B11-B586-4D32B960DF7F}
	EndGlobalSection
EndGlobal
